
Microsoft Visual Studio Solution File, Format Version 12.00
# Visual Studio Version 16
VisualStudioVersion = 16.0.31613.86
MinimumVisualStudioVersion = 10.0.40219.1
Project("{FAE04EC0-301F-11D3-BF4B-00C04F79EFBC}") = "WASA", "WASA\WASA.csproj", "{7964995D-9FFB-4D19-8C80-32A8B36EBF72}"
EndProject
Global
	GlobalSection(SolutionConfigurationPlatforms) = preSolution
		Debug|Any CPU = Debug|Any CPU
		Release|Any CPU = Release|Any CPU
	EndGlobalSection
	GlobalSection(ProjectConfigurationPlatforms) = postSolution
		{7964995D-9FFB-4D19-8C80-32A8B36EBF72}.Debug|Any CPU.ActiveCfg = Debug|Any CPU
		{7964995D-9FFB-4D19-8C80-32A8B36EBF72}.Debug|Any CPU.Build.0 = Debug|Any CPU
		{7964995D-9FFB-4D19-8C80-32A8B36EBF72}.Release|Any CPU.ActiveCfg = Release|Any CPU
		{7964995D-9FFB-4D19-8C80-32A8B36EBF72}.Release|Any CPU.Build.0 = Release|Any CPU
	EndGlobalSection
	GlobalSection(SolutionProperties) = preSolution
		HideSolutionNode = FALSE
	EndGlobalSection
	GlobalSection(ExtensibilityGlobals) = postSolution
		SolutionGuid = {558BE3BD-E2FF-44B6-8BCE-8C539DE51E86}
	EndGlobalSection
EndGlobal
